
Microsoft Visual Studio Solution File, Format Version 12.00
# Visual Studio Version 16
VisualStudioVersion = 16.0.31402.337
MinimumVisualStudioVersion = 10.0.40219.1
Project("{FAE04EC0-301F-11D3-BF4B-00C04F79EFBC}") = "HourlyRate", "HourlyRate\HourlyRate.csproj", "{AE3A298B-23D0-4FBD-87B9-146C9B029747}"
EndProject
Global
	GlobalSection(SolutionConfigurationPlatforms) = preSolution
		Debug|Any CPU = Debug|Any CPU
		Release|Any CPU = Release|Any CPU
	EndGlobalSection
	GlobalSection(ProjectConfigurationPlatforms) = postSolution
		{AE3A298B-23D0-4FBD-87B9-146C9B029747}.Debug|Any CPU.ActiveCfg = Debug|Any CPU
		{AE3A298B-23D0-4FBD-87B9-146C9B029747}.Debug|Any CPU.Build.0 = Debug|Any CPU
		{AE3A298B-23D0-4FBD-87B9-146C9B029747}.Release|Any CPU.ActiveCfg = Release|Any CPU
		{AE3A298B-23D0-4FBD-87B9-146C9B029747}.Release|Any CPU.Build.0 = Release|Any CPU
	EndGlobalSection
	GlobalSection(SolutionProperties) = preSolution
		HideSolutionNode = FALSE
	EndGlobalSection
	GlobalSection(ExtensibilityGlobals) = postSolution
		SolutionGuid = {09C9F535-DB3D-41A4-ACDA-EC12BE9A85A1}
	EndGlobalSection
EndGlobal
